// !$*UTF8*$!
{
	archiveVersion = 1;
	classes = {
	};
	objectVersion = 46;
	objects = {

/* Begin PBXBuildFile section */
		885694241ADDBBDE002127C1 /* main.m in Sources */ = {isa = PBXBuildFile; fileRef = 885694231ADDBBDE002127C1 /* main.m */; };
		885694271ADDBBDE002127C1 /* AppDelegate.m in Sources */ = {isa = PBXBuildFile; fileRef = 885694261ADDBBDE002127C1 /* AppDelegate.m */; };
		8856942F1ADDBBDE002127C1 /* Images.xcassets in Resources */ = {isa = PBXBuildFile; fileRef = 8856942E1ADDBBDE002127C1 /* Images.xcassets */; };
		8856943E1ADDBBDE002127C1 /* Lock8Tests.m in Sources */ = {isa = PBXBuildFile; fileRef = 8856943D1ADDBBDE002127C1 /* Lock8Tests.m */; };
		8856944A1ADDBE9E002127C1 /* Login.m in Sources */ = {isa = PBXBuildFile; fileRef = 885694481ADDBE9E002127C1 /* Login.m */; };
		8856944B1ADDBE9E002127C1 /* Login.xib in Resources */ = {isa = PBXBuildFile; fileRef = 885694491ADDBE9E002127C1 /* Login.xib */; };
		889997061ADDC4DB008DFB2C /* Login_iPhone5.xib in Resources */ = {isa = PBXBuildFile; fileRef = 889997051ADDC4DB008DFB2C /* Login_iPhone5.xib */; };
		889997081ADDC667008DFB2C /* Login_iPhone6.xib in Resources */ = {isa = PBXBuildFile; fileRef = 889997071ADDC667008DFB2C /* Login_iPhone6.xib */; };
		8899970A1ADDC6D4008DFB2C /* Login_iPhone6plus.xib in Resources */ = {isa = PBXBuildFile; fileRef = 889997091ADDC6D4008DFB2C /* Login_iPhone6plus.xib */; };
		8899970C1ADDC718008DFB2C /* Login_iPad.xib in Resources */ = {isa = PBXBuildFile; fileRef = 8899970B1ADDC718008DFB2C /* Login_iPad.xib */; };
		889997101ADDCB18008DFB2C /* Strings.strings in Resources */ = {isa = PBXBuildFile; fileRef = 889997121ADDCB18008DFB2C /* Strings.strings */; };
		8899EDA61AE010D400D5B107 /* SYSoapTool.m in Sources */ = {isa = PBXBuildFile; fileRef = 8899EDA51AE010D400D5B107 /* SYSoapTool.m */; };
		8899EDA91AE0122A00D5B107 /* SYXmlParser.m in Sources */ = {isa = PBXBuildFile; fileRef = 8899EDA81AE0122A00D5B107 /* SYXmlParser.m */; };
		88B58FED1AE715C7000D509E /* GoogleMaps.framework in Frameworks */ = {isa = PBXBuildFile; fileRef = 88B58FEC1AE715C7000D509E /* GoogleMaps.framework */; };
		88B58FEF1AE715DB000D509E /* GoogleMaps.bundle in Resources */ = {isa = PBXBuildFile; fileRef = 88B58FEE1AE715DB000D509E /* GoogleMaps.bundle */; };
		88B58FF11AE71617000D509E /* AVFoundation.framework in Frameworks */ = {isa = PBXBuildFile; fileRef = 88B58FF01AE71617000D509E /* AVFoundation.framework */; };
		88B58FF31AE7161F000D509E /* CoreData.framework in Frameworks */ = {isa = PBXBuildFile; fileRef = 88B58FF21AE7161F000D509E /* CoreData.framework */; };
		88B58FF51AE71628000D509E /* CoreLocation.framework in Frameworks */ = {isa = PBXBuildFile; fileRef = 88B58FF41AE71628000D509E /* CoreLocation.framework */; };
		88B58FF71AE71631000D509E /* CoreText.framework in Frameworks */ = {isa = PBXBuildFile; fileRef = 88B58FF61AE71631000D509E /* CoreText.framework */; };
		88B58FF91AE71637000D509E /* GLKit.framework in Frameworks */ = {isa = PBXBuildFile; fileRef = 88B58FF81AE71637000D509E /* GLKit.framework */; };
		88B58FFB1AE7163F000D509E /* ImageIO.framework in Frameworks */ = {isa = PBXBuildFile; fileRef = 88B58FFA1AE7163F000D509E /* ImageIO.framework */; };
		88B58FFD1AE71648000D509E /* libc++.dylib in Frameworks */ = {isa = PBXBuildFile; fileRef = 88B58FFC1AE71647000D509E /* libc++.dylib */; };
		88B58FFF1AE71657000D509E /* libicucore.dylib in Frameworks */ = {isa = PBXBuildFile; fileRef = 88B58FFE1AE71657000D509E /* libicucore.dylib */; };
		88B590011AE71660000D509E /* libz.dylib in Frameworks */ = {isa = PBXBuildFile; fileRef = 88B590001AE71660000D509E /* libz.dylib */; };
		88B590031AE71666000D509E /* OpenGLES.framework in Frameworks */ = {isa = PBXBuildFile; fileRef = 88B590021AE71666000D509E /* OpenGLES.framework */; };
		88B590051AE7166F000D509E /* QuartzCore.framework in Frameworks */ = {isa = PBXBuildFile; fileRef = 88B590041AE7166F000D509E /* QuartzCore.framework */; };
		88B590071AE71678000D509E /* SystemConfiguration.framework in Frameworks */ = {isa = PBXBuildFile; fileRef = 88B590061AE71678000D509E /* SystemConfiguration.framework */; };
		88EE49151AE1A3DF00996058 /* Unidades.m in Sources */ = {isa = PBXBuildFile; fileRef = 88EE49131AE1A3DF00996058 /* Unidades.m */; };
		88EE49161AE1A3DF00996058 /* Unidades.xib in Resources */ = {isa = PBXBuildFile; fileRef = 88EE49141AE1A3DF00996058 /* Unidades.xib */; };
		88EE49181AE1A53C00996058 /* Unidades_iPhone5.xib in Resources */ = {isa = PBXBuildFile; fileRef = 88EE49171AE1A53C00996058 /* Unidades_iPhone5.xib */; };
		88EE491A1AE1AB6600996058 /* Unidades_iPhone6.xib in Resources */ = {isa = PBXBuildFile; fileRef = 88EE49191AE1AB6600996058 /* Unidades_iPhone6.xib */; };
		88EE491C1AE1AB8D00996058 /* Unidades_iPhone6plus.xib in Resources */ = {isa = PBXBuildFile; fileRef = 88EE491B1AE1AB8D00996058 /* Unidades_iPhone6plus.xib */; };
		88EE491E1AE1ABB300996058 /* Unidades_iPad.xib in Resources */ = {isa = PBXBuildFile; fileRef = 88EE491D1AE1ABB300996058 /* Unidades_iPad.xib */; };
		88EE49241AE1AD7D00996058 /* TableCellResumen.m in Sources */ = {isa = PBXBuildFile; fileRef = 88EE49221AE1AD7D00996058 /* TableCellResumen.m */; };
		88EE49251AE1AD7D00996058 /* TableCellResumen.xib in Resources */ = {isa = PBXBuildFile; fileRef = 88EE49231AE1AD7D00996058 /* TableCellResumen.xib */; };
		88F295211ADF283B008C7D74 /* Reachability.m in Sources */ = {isa = PBXBuildFile; fileRef = 88F295201ADF283B008C7D74 /* Reachability.m */; };
/* End PBXBuildFile section */

/* Begin PBXContainerItemProxy section */
		885694381ADDBBDE002127C1 /* PBXContainerItemProxy */ = {
			isa = PBXContainerItemProxy;
			containerPortal = 885694161ADDBBDE002127C1 /* Project object */;
			proxyType = 1;
			remoteGlobalIDString = 8856941D1ADDBBDE002127C1;
			remoteInfo = Lock8;
		};
/* End PBXContainerItemProxy section */

/* Begin PBXFileReference section */
		8856941E1ADDBBDE002127C1 /* Loc8.app */ = {isa = PBXFileReference; explicitFileType = wrapper.application; includeInIndex = 0; path = Loc8.app; sourceTree = BUILT_PRODUCTS_DIR; };
		885694221ADDBBDE002127C1 /* Info.plist */ = {isa = PBXFileReference; lastKnownFileType = text.plist.xml; path = Info.plist; sourceTree = "<group>"; };
		885694231ADDBBDE002127C1 /* main.m */ = {isa = PBXFileReference; lastKnownFileType = sourcecode.c.objc; path = main.m; sourceTree = "<group>"; };
		885694251ADDBBDE002127C1 /* AppDelegate.h */ = {isa = PBXFileReference; lastKnownFileType = sourcecode.c.h; path = AppDelegate.h; sourceTree = "<group>"; };
		885694261ADDBBDE002127C1 /* AppDelegate.m */ = {isa = PBXFileReference; lastKnownFileType = sourcecode.c.objc; path = AppDelegate.m; sourceTree = "<group>"; };
		8856942E1ADDBBDE002127C1 /* Images.xcassets */ = {isa = PBXFileReference; lastKnownFileType = folder.assetcatalog; path = Images.xcassets; sourceTree = "<group>"; };
		885694371ADDBBDE002127C1 /* Loc8Tests.xctest */ = {isa = PBXFileReference; explicitFileType = wrapper.cfbundle; includeInIndex = 0; path = Loc8Tests.xctest; sourceTree = BUILT_PRODUCTS_DIR; };
		8856943C1ADDBBDE002127C1 /* Info.plist */ = {isa = PBXFileReference; lastKnownFileType = text.plist.xml; path = Info.plist; sourceTree = "<group>"; };
		8856943D1ADDBBDE002127C1 /* Lock8Tests.m */ = {isa = PBXFileReference; lastKnownFileType = sourcecode.c.objc; path = Lock8Tests.m; sourceTree = "<group>"; };
		885694471ADDBE9E002127C1 /* Login.h */ = {isa = PBXFileReference; fileEncoding = 4; lastKnownFileType = sourcecode.c.h; name = Login.h; path = Views/Login/Login.h; sourceTree = "<group>"; };
		885694481ADDBE9E002127C1 /* Login.m */ = {isa = PBXFileReference; fileEncoding = 4; lastKnownFileType = sourcecode.c.objc; name = Login.m; path = Views/Login/Login.m; sourceTree = "<group>"; };
		885694491ADDBE9E002127C1 /* Login.xib */ = {isa = PBXFileReference; fileEncoding = 4; lastKnownFileType = file.xib; name = Login.xib; path = Views/Login/Login.xib; sourceTree = "<group>"; };
		889997051ADDC4DB008DFB2C /* Login_iPhone5.xib */ = {isa = PBXFileReference; fileEncoding = 4; lastKnownFileType = file.xib; name = Login_iPhone5.xib; path = Views/Login/Login_iPhone5.xib; sourceTree = "<group>"; };
		889997071ADDC667008DFB2C /* Login_iPhone6.xib */ = {isa = PBXFileReference; fileEncoding = 4; lastKnownFileType = file.xib; name = Login_iPhone6.xib; path = Views/Login/Login_iPhone6.xib; sourceTree = "<group>"; };
		889997091ADDC6D4008DFB2C /* Login_iPhone6plus.xib */ = {isa = PBXFileReference; fileEncoding = 4; lastKnownFileType = file.xib; name = Login_iPhone6plus.xib; path = Views/Login/Login_iPhone6plus.xib; sourceTree = "<group>"; };
		8899970B1ADDC718008DFB2C /* Login_iPad.xib */ = {isa = PBXFileReference; fileEncoding = 4; lastKnownFileType = file.xib; name = Login_iPad.xib; path = Views/Login/Login_iPad.xib; sourceTree = "<group>"; };
		889997111ADDCB18008DFB2C /* Base */ = {isa = PBXFileReference; lastKnownFileType = text.plist.strings; name = Base; path = Base.lproj/Strings.strings; sourceTree = "<group>"; };
		889997131ADDCB1B008DFB2C /* en */ = {isa = PBXFileReference; lastKnownFileType = text.plist.strings; name = en; path = en.lproj/Strings.strings; sourceTree = "<group>"; };
		889997141ADDCB1C008DFB2C /* es */ = {isa = PBXFileReference; lastKnownFileType = text.plist.strings; name = es; path = es.lproj/Strings.strings; sourceTree = "<group>"; };
		8899EDA41AE010D400D5B107 /* SYSoapTool.h */ = {isa = PBXFileReference; fileEncoding = 4; lastKnownFileType = sourcecode.c.h; path = SYSoapTool.h; sourceTree = "<group>"; };
		8899EDA51AE010D400D5B107 /* SYSoapTool.m */ = {isa = PBXFileReference; fileEncoding = 4; lastKnownFileType = sourcecode.c.objc; path = SYSoapTool.m; sourceTree = "<group>"; };
		8899EDA71AE0122A00D5B107 /* SYXmlParser.h */ = {isa = PBXFileReference; fileEncoding = 4; lastKnownFileType = sourcecode.c.h; path = SYXmlParser.h; sourceTree = "<group>"; };
		8899EDA81AE0122A00D5B107 /* SYXmlParser.m */ = {isa = PBXFileReference; fileEncoding = 4; lastKnownFileType = sourcecode.c.objc; path = SYXmlParser.m; sourceTree = "<group>"; };
		88B58FEC1AE715C7000D509E /* GoogleMaps.framework */ = {isa = PBXFileReference; lastKnownFileType = wrapper.framework; path = GoogleMaps.framework; sourceTree = "<group>"; };
		88B58FEE1AE715DB000D509E /* GoogleMaps.bundle */ = {isa = PBXFileReference; lastKnownFileType = "wrapper.plug-in"; name = GoogleMaps.bundle; path = GoogleMaps.framework/Versions/A/Resources/GoogleMaps.bundle; sourceTree = "<group>"; };
		88B58FF01AE71617000D509E /* AVFoundation.framework */ = {isa = PBXFileReference; lastKnownFileType = wrapper.framework; name = AVFoundation.framework; path = System/Library/Frameworks/AVFoundation.framework; sourceTree = SDKROOT; };
		88B58FF21AE7161F000D509E /* CoreData.framework */ = {isa = PBXFileReference; lastKnownFileType = wrapper.framework; name = CoreData.framework; path = System/Library/Frameworks/CoreData.framework; sourceTree = SDKROOT; };
		88B58FF41AE71628000D509E /* CoreLocation.framework */ = {isa = PBXFileReference; lastKnownFileType = wrapper.framework; name = CoreLocation.framework; path = System/Library/Frameworks/CoreLocation.framework; sourceTree = SDKROOT; };
		88B58FF61AE71631000D509E /* CoreText.framework */ = {isa = PBXFileReference; lastKnownFileType = wrapper.framework; name = CoreText.framework; path = System/Library/Frameworks/CoreText.framework; sourceTree = SDKROOT; };
		88B58FF81AE71637000D509E /* GLKit.framework */ = {isa = PBXFileReference; lastKnownFileType = wrapper.framework; name = GLKit.framework; path = System/Library/Frameworks/GLKit.framework; sourceTree = SDKROOT; };
		88B58FFA1AE7163F000D509E /* ImageIO.framework */ = {isa = PBXFileReference; lastKnownFileType = wrapper.framework; name = ImageIO.framework; path = System/Library/Frameworks/ImageIO.framework; sourceTree = SDKROOT; };
		88B58FFC1AE71647000D509E /* libc++.dylib */ = {isa = PBXFileReference; lastKnownFileType = "compiled.mach-o.dylib"; name = "libc++.dylib"; path = "usr/lib/libc++.dylib"; sourceTree = SDKROOT; };
		88B58FFE1AE71657000D509E /* libicucore.dylib */ = {isa = PBXFileReference; lastKnownFileType = "compiled.mach-o.dylib"; name = libicucore.dylib; path = usr/lib/libicucore.dylib; sourceTree = SDKROOT; };
		88B590001AE71660000D509E /* libz.dylib */ = {isa = PBXFileReference; lastKnownFileType = "compiled.mach-o.dylib"; name = libz.dylib; path = usr/lib/libz.dylib; sourceTree = SDKROOT; };
		88B590021AE71666000D509E /* OpenGLES.framework */ = {isa = PBXFileReference; lastKnownFileType = wrapper.framework; name = OpenGLES.framework; path = System/Library/Frameworks/OpenGLES.framework; sourceTree = SDKROOT; };
		88B590041AE7166F000D509E /* QuartzCore.framework */ = {isa = PBXFileReference; lastKnownFileType = wrapper.framework; name = QuartzCore.framework; path = System/Library/Frameworks/QuartzCore.framework; sourceTree = SDKROOT; };
		88B590061AE71678000D509E /* SystemConfiguration.framework */ = {isa = PBXFileReference; lastKnownFileType = wrapper.framework; name = SystemConfiguration.framework; path = System/Library/Frameworks/SystemConfiguration.framework; sourceTree = SDKROOT; };
		88EE49121AE1A3DE00996058 /* Unidades.h */ = {isa = PBXFileReference; fileEncoding = 4; lastKnownFileType = sourcecode.c.h; name = Unidades.h; path = Views/Unidades/Unidades.h; sourceTree = "<group>"; };
		88EE49131AE1A3DF00996058 /* Unidades.m */ = {isa = PBXFileReference; fileEncoding = 4; lastKnownFileType = sourcecode.c.objc; name = Unidades.m; path = Views/Unidades/Unidades.m; sourceTree = "<group>"; };
		88EE49141AE1A3DF00996058 /* Unidades.xib */ = {isa = PBXFileReference; fileEncoding = 4; lastKnownFileType = file.xib; name = Unidades.xib; path = Views/Unidades/Unidades.xib; sourceTree = "<group>"; };
		88EE49171AE1A53C00996058 /* Unidades_iPhone5.xib */ = {isa = PBXFileReference; fileEncoding = 4; lastKnownFileType = file.xib; name = Unidades_iPhone5.xib; path = Views/Unidades/Unidades_iPhone5.xib; sourceTree = "<group>"; };
		88EE49191AE1AB6600996058 /* Unidades_iPhone6.xib */ = {isa = PBXFileReference; fileEncoding = 4; lastKnownFileType = file.xib; name = Unidades_iPhone6.xib; path = Views/Unidades/Unidades_iPhone6.xib; sourceTree = "<group>"; };
		88EE491B1AE1AB8D00996058 /* Unidades_iPhone6plus.xib */ = {isa = PBXFileReference; fileEncoding = 4; lastKnownFileType = file.xib; name = Unidades_iPhone6plus.xib; path = Views/Unidades/Unidades_iPhone6plus.xib; sourceTree = "<group>"; };
		88EE491D1AE1ABB300996058 /* Unidades_iPad.xib */ = {isa = PBXFileReference; fileEncoding = 4; lastKnownFileType = file.xib; name = Unidades_iPad.xib; path = Views/Unidades/Unidades_iPad.xib; sourceTree = "<group>"; };
		88EE49211AE1AD7D00996058 /* TableCellResumen.h */ = {isa = PBXFileReference; fileEncoding = 4; lastKnownFileType = sourcecode.c.h; path = TableCellResumen.h; sourceTree = "<group>"; };
		88EE49221AE1AD7D00996058 /* TableCellResumen.m */ = {isa = PBXFileReference; fileEncoding = 4; lastKnownFileType = sourcecode.c.objc; path = TableCellResumen.m; sourceTree = "<group>"; };
		88EE49231AE1AD7D00996058 /* TableCellResumen.xib */ = {isa = PBXFileReference; fileEncoding = 4; lastKnownFileType = file.xib; path = TableCellResumen.xib; sourceTree = "<group>"; };
		88F2951F1ADF283B008C7D74 /* Reachability.h */ = {isa = PBXFileReference; fileEncoding = 4; lastKnownFileType = sourcecode.c.h; path = Reachability.h; sourceTree = "<group>"; };
		88F295201ADF283B008C7D74 /* Reachability.m */ = {isa = PBXFileReference; fileEncoding = 4; lastKnownFileType = sourcecode.c.objc; path = Reachability.m; sourceTree = "<group>"; };
/* End PBXFileReference section */

/* Begin PBXFrameworksBuildPhase section */
		8856941B1ADDBBDE002127C1 /* Frameworks */ = {
			isa = PBXFrameworksBuildPhase;
			buildActionMask = 2147483647;
			files = (
				88B590071AE71678000D509E /* SystemConfiguration.framework in Frameworks */,
				88B590051AE7166F000D509E /* QuartzCore.framework in Frameworks */,
				88B590031AE71666000D509E /* OpenGLES.framework in Frameworks */,
				88B590011AE71660000D509E /* libz.dylib in Frameworks */,
				88B58FFF1AE71657000D509E /* libicucore.dylib in Frameworks */,
				88B58FFD1AE71648000D509E /* libc++.dylib in Frameworks */,
				88B58FFB1AE7163F000D509E /* ImageIO.framework in Frameworks */,
				88B58FF91AE71637000D509E /* GLKit.framework in Frameworks */,
				88B58FF71AE71631000D509E /* CoreText.framework in Frameworks */,
				88B58FF51AE71628000D509E /* CoreLocation.framework in Frameworks */,
				88B58FF31AE7161F000D509E /* CoreData.framework in Frameworks */,
				88B58FF11AE71617000D509E /* AVFoundation.framework in Frameworks */,
				88B58FED1AE715C7000D509E /* GoogleMaps.framework in Frameworks */,
			);
			runOnlyForDeploymentPostprocessing = 0;
		};
		885694341ADDBBDE002127C1 /* Frameworks */ = {
			isa = PBXFrameworksBuildPhase;
			buildActionMask = 2147483647;
			files = (
			);
			runOnlyForDeploymentPostprocessing = 0;
		};
/* End PBXFrameworksBuildPhase section */

/* Begin PBXGroup section */
		885694151ADDBBDD002127C1 = {
			isa = PBXGroup;
			children = (
				88B590061AE71678000D509E /* SystemConfiguration.framework */,
				88B590041AE7166F000D509E /* QuartzCore.framework */,
				88B590021AE71666000D509E /* OpenGLES.framework */,
				88B590001AE71660000D509E /* libz.dylib */,
				88B58FFE1AE71657000D509E /* libicucore.dylib */,
				88B58FFC1AE71647000D509E /* libc++.dylib */,
				88B58FFA1AE7163F000D509E /* ImageIO.framework */,
				88B58FF81AE71637000D509E /* GLKit.framework */,
				88B58FF61AE71631000D509E /* CoreText.framework */,
				88B58FF41AE71628000D509E /* CoreLocation.framework */,
				88B58FF21AE7161F000D509E /* CoreData.framework */,
				88B58FF01AE71617000D509E /* AVFoundation.framework */,
				88B58FEE1AE715DB000D509E /* GoogleMaps.bundle */,
				88B58FEC1AE715C7000D509E /* GoogleMaps.framework */,
				885694201ADDBBDE002127C1 /* Lock8 */,
				8856943A1ADDBBDE002127C1 /* Lock8Tests */,
				8856941F1ADDBBDE002127C1 /* Products */,
			);
			sourceTree = "<group>";
		};
		8856941F1ADDBBDE002127C1 /* Products */ = {
			isa = PBXGroup;
			children = (
				8856941E1ADDBBDE002127C1 /* Loc8.app */,
				885694371ADDBBDE002127C1 /* Loc8Tests.xctest */,
			);
			name = Products;
			sourceTree = "<group>";
		};
		885694201ADDBBDE002127C1 /* Lock8 */ = {
			isa = PBXGroup;
			children = (
				885694251ADDBBDE002127C1 /* AppDelegate.h */,
				885694261ADDBBDE002127C1 /* AppDelegate.m */,
				88EE49271AE1AD8F00996058 /* Classes */,
				889997021ADDC214008DFB2C /* Views */,
				8856942E1ADDBBDE002127C1 /* Images.xcassets */,
				885694211ADDBBDE002127C1 /* Supporting Files */,
			);
			path = Lock8;
			sourceTree = "<group>";
		};
		885694211ADDBBDE002127C1 /* Supporting Files */ = {
			isa = PBXGroup;
			children = (
				885694221ADDBBDE002127C1 /* Info.plist */,
				885694231ADDBBDE002127C1 /* main.m */,
				889997121ADDCB18008DFB2C /* Strings.strings */,
			);
			name = "Supporting Files";
			sourceTree = "<group>";
		};
		8856943A1ADDBBDE002127C1 /* Lock8Tests */ = {
			isa = PBXGroup;
			children = (
				8856943D1ADDBBDE002127C1 /* Lock8Tests.m */,
				8856943B1ADDBBDE002127C1 /* Supporting Files */,
			);
			path = Lock8Tests;
			sourceTree = "<group>";
		};
		8856943B1ADDBBDE002127C1 /* Supporting Files */ = {
			isa = PBXGroup;
			children = (
				8856943C1ADDBBDE002127C1 /* Info.plist */,
			);
			name = "Supporting Files";
			sourceTree = "<group>";
		};
		889997021ADDC214008DFB2C /* Views */ = {
			isa = PBXGroup;
			children = (
				889997031ADDC221008DFB2C /* Login */,
				88EE491F1AE1ABD100996058 /* Unidades */,
			);
			name = Views;
			sourceTree = "<group>";
		};
		889997031ADDC221008DFB2C /* Login */ = {
			isa = PBXGroup;
			children = (
				885694471ADDBE9E002127C1 /* Login.h */,
				885694481ADDBE9E002127C1 /* Login.m */,
				889997041ADDC4B2008DFB2C /* Nib */,
			);
			name = Login;
			sourceTree = "<group>";
		};
		889997041ADDC4B2008DFB2C /* Nib */ = {
			isa = PBXGroup;
			children = (
				885694491ADDBE9E002127C1 /* Login.xib */,
				889997051ADDC4DB008DFB2C /* Login_iPhone5.xib */,
				889997071ADDC667008DFB2C /* Login_iPhone6.xib */,
				889997091ADDC6D4008DFB2C /* Login_iPhone6plus.xib */,
				8899970B1ADDC718008DFB2C /* Login_iPad.xib */,
			);
			name = Nib;
			sourceTree = "<group>";
		};
		8899EDA31AE00E0100D5B107 /* Reachability */ = {
			isa = PBXGroup;
			children = (
				88F2951F1ADF283B008C7D74 /* Reachability.h */,
				88F295201ADF283B008C7D74 /* Reachability.m */,
			);
			name = Reachability;
			sourceTree = "<group>";
		};
		8899EDAA1AE0123B00D5B107 /* SYSoapTool */ = {
			isa = PBXGroup;
			children = (
				8899EDA41AE010D400D5B107 /* SYSoapTool.h */,
				8899EDA51AE010D400D5B107 /* SYSoapTool.m */,
				8899EDA71AE0122A00D5B107 /* SYXmlParser.h */,
				8899EDA81AE0122A00D5B107 /* SYXmlParser.m */,
			);
			name = SYSoapTool;
			sourceTree = "<group>";
		};
		88EE491F1AE1ABD100996058 /* Unidades */ = {
			isa = PBXGroup;
			children = (
				88EE49121AE1A3DE00996058 /* Unidades.h */,
				88EE49131AE1A3DF00996058 /* Unidades.m */,
				88EE49201AE1ABDD00996058 /* Nib */,
			);
			name = Unidades;
			sourceTree = "<group>";
		};
		88EE49201AE1ABDD00996058 /* Nib */ = {
			isa = PBXGroup;
			children = (
				88EE49141AE1A3DF00996058 /* Unidades.xib */,
				88EE49171AE1A53C00996058 /* Unidades_iPhone5.xib */,
				88EE49191AE1AB6600996058 /* Unidades_iPhone6.xib */,
				88EE491B1AE1AB8D00996058 /* Unidades_iPhone6plus.xib */,
				88EE491D1AE1ABB300996058 /* Unidades_iPad.xib */,
			);
			name = Nib;
			sourceTree = "<group>";
		};
		88EE49261AE1AD8400996058 /* TableCellResumen */ = {
			isa = PBXGroup;
			children = (
				88EE49211AE1AD7D00996058 /* TableCellResumen.h */,
				88EE49221AE1AD7D00996058 /* TableCellResumen.m */,
				88EE49231AE1AD7D00996058 /* TableCellResumen.xib */,
			);
			name = TableCellResumen;
			sourceTree = "<group>";
		};
		88EE49271AE1AD8F00996058 /* Classes */ = {
			isa = PBXGroup;
			children = (
				88EE49261AE1AD8400996058 /* TableCellResumen */,
				8899EDAA1AE0123B00D5B107 /* SYSoapTool */,
				8899EDA31AE00E0100D5B107 /* Reachability */,
			);
			name = Classes;
			sourceTree = "<group>";
		};
/* End PBXGroup section */

/* Begin PBXNativeTarget section */
		8856941D1ADDBBDE002127C1 /* Loc8 */ = {
			isa = PBXNativeTarget;
			buildConfigurationList = 885694411ADDBBDE002127C1 /* Build configuration list for PBXNativeTarget "Loc8" */;
			buildPhases = (
				8856941A1ADDBBDE002127C1 /* Sources */,
				8856941B1ADDBBDE002127C1 /* Frameworks */,
				8856941C1ADDBBDE002127C1 /* Resources */,
			);
			buildRules = (
			);
			dependencies = (
			);
			name = Loc8;
			productName = Lock8;
			productReference = 8856941E1ADDBBDE002127C1 /* Loc8.app */;
			productType = "com.apple.product-type.application";
		};
		885694361ADDBBDE002127C1 /* Loc8Tests */ = {
			isa = PBXNativeTarget;
			buildConfigurationList = 885694441ADDBBDE002127C1 /* Build configuration list for PBXNativeTarget "Loc8Tests" */;
			buildPhases = (
				885694331ADDBBDE002127C1 /* Sources */,
				885694341ADDBBDE002127C1 /* Frameworks */,
				885694351ADDBBDE002127C1 /* Resources */,
			);
			buildRules = (
			);
			dependencies = (
				885694391ADDBBDE002127C1 /* PBXTargetDependency */,
			);
			name = Loc8Tests;
			productName = Lock8Tests;
			productReference = 885694371ADDBBDE002127C1 /* Loc8Tests.xctest */;
			productType = "com.apple.product-type.bundle.unit-test";
		};
/* End PBXNativeTarget section */

/* Begin PBXProject section */
		885694161ADDBBDE002127C1 /* Project object */ = {
			isa = PBXProject;
			attributes = {
				LastUpgradeCheck = 0630;
				ORGANIZATIONNAME = Tecnologizame;
				TargetAttributes = {
					8856941D1ADDBBDE002127C1 = {
						CreatedOnToolsVersion = 6.3;
						SystemCapabilities = {
							com.apple.Maps.iOS = {
								enabled = 1;
							};
						};
					};
					885694361ADDBBDE002127C1 = {
						CreatedOnToolsVersion = 6.3;
						TestTargetID = 8856941D1ADDBBDE002127C1;
					};
				};
			};
			buildConfigurationList = 885694191ADDBBDE002127C1 /* Build configuration list for PBXProject "Loc8" */;
			compatibilityVersion = "Xcode 3.2";
			developmentRegion = English;
			hasScannedForEncodings = 0;
			knownRegions = (
				en,
				Base,
				es,
			);
			mainGroup = 885694151ADDBBDD002127C1;
			productRefGroup = 8856941F1ADDBBDE002127C1 /* Products */;
			projectDirPath = "";
			projectRoot = "";
			targets = (
				8856941D1ADDBBDE002127C1 /* Loc8 */,
				885694361ADDBBDE002127C1 /* Loc8Tests */,
			);
		};
/* End PBXProject section */

/* Begin PBXResourcesBuildPhase section */
		8856941C1ADDBBDE002127C1 /* Resources */ = {
			isa = PBXResourcesBuildPhase;
			buildActionMask = 2147483647;
			files = (
				88EE49181AE1A53C00996058 /* Unidades_iPhone5.xib in Resources */,
				889997081ADDC667008DFB2C /* Login_iPhone6.xib in Resources */,
				88EE491A1AE1AB6600996058 /* Unidades_iPhone6.xib in Resources */,
				889997101ADDCB18008DFB2C /* Strings.strings in Resources */,
				88EE491E1AE1ABB300996058 /* Unidades_iPad.xib in Resources */,
				88EE49161AE1A3DF00996058 /* Unidades.xib in Resources */,
				88EE49251AE1AD7D00996058 /* TableCellResumen.xib in Resources */,
				88EE491C1AE1AB8D00996058 /* Unidades_iPhone6plus.xib in Resources */,
				8856942F1ADDBBDE002127C1 /* Images.xcassets in Resources */,
				8899970A1ADDC6D4008DFB2C /* Login_iPhone6plus.xib in Resources */,
				889997061ADDC4DB008DFB2C /* Login_iPhone5.xib in Resources */,
				8856944B1ADDBE9E002127C1 /* Login.xib in Resources */,
				8899970C1ADDC718008DFB2C /* Login_iPad.xib in Resources */,
				88B58FEF1AE715DB000D509E /* GoogleMaps.bundle in Resources */,
			);
			runOnlyForDeploymentPostprocessing = 0;
		};
		885694351ADDBBDE002127C1 /* Resources */ = {
			isa = PBXResourcesBuildPhase;
			buildActionMask = 2147483647;
			files = (
			);
			runOnlyForDeploymentPostprocessing = 0;
		};
/* End PBXResourcesBuildPhase section */

/* Begin PBXSourcesBuildPhase section */
		8856941A1ADDBBDE002127C1 /* Sources */ = {
			isa = PBXSourcesBuildPhase;
			buildActionMask = 2147483647;
			files = (
				8899EDA91AE0122A00D5B107 /* SYXmlParser.m in Sources */,
				8856944A1ADDBE9E002127C1 /* Login.m in Sources */,
				885694271ADDBBDE002127C1 /* AppDelegate.m in Sources */,
				88F295211ADF283B008C7D74 /* Reachability.m in Sources */,
				88EE49241AE1AD7D00996058 /* TableCellResumen.m in Sources */,
				8899EDA61AE010D400D5B107 /* SYSoapTool.m in Sources */,
				885694241ADDBBDE002127C1 /* main.m in Sources */,
				88EE49151AE1A3DF00996058 /* Unidades.m in Sources */,
			);
			runOnlyForDeploymentPostprocessing = 0;
		};
		885694331ADDBBDE002127C1 /* Sources */ = {
			isa = PBXSourcesBuildPhase;
			buildActionMask = 2147483647;
			files = (
				8856943E1ADDBBDE002127C1 /* Lock8Tests.m in Sources */,
			);
			runOnlyForDeploymentPostprocessing = 0;
		};
/* End PBXSourcesBuildPhase section */

/* Begin PBXTargetDependency section */
		885694391ADDBBDE002127C1 /* PBXTargetDependency */ = {
			isa = PBXTargetDependency;
			target = 8856941D1ADDBBDE002127C1 /* Loc8 */;
			targetProxy = 885694381ADDBBDE002127C1 /* PBXContainerItemProxy */;
		};
/* End PBXTargetDependency section */

/* Begin PBXVariantGroup section */
		889997121ADDCB18008DFB2C /* Strings.strings */ = {
			isa = PBXVariantGroup;
			children = (
				889997111ADDCB18008DFB2C /* Base */,
				889997131ADDCB1B008DFB2C /* en */,
				889997141ADDCB1C008DFB2C /* es */,
			);
			name = Strings.strings;
			sourceTree = "<group>";
		};
/* End PBXVariantGroup section */

/* Begin XCBuildConfiguration section */
		8856943F1ADDBBDE002127C1 /* Debug */ = {
			isa = XCBuildConfiguration;
			buildSettings = {
				ALWAYS_SEARCH_USER_PATHS = NO;
				CLANG_CXX_LANGUAGE_STANDARD = "gnu++0x";
				CLANG_CXX_LIBRARY = "libc++";
				CLANG_ENABLE_MODULES = YES;
				CLANG_ENABLE_OBJC_ARC = YES;
				CLANG_WARN_BOOL_CONVERSION = YES;
				CLANG_WARN_CONSTANT_CONVERSION = YES;
				CLANG_WARN_DIRECT_OBJC_ISA_USAGE = YES_ERROR;
				CLANG_WARN_EMPTY_BODY = YES;
				CLANG_WARN_ENUM_CONVERSION = YES;
				CLANG_WARN_INT_CONVERSION = YES;
				CLANG_WARN_OBJC_ROOT_CLASS = YES_ERROR;
				CLANG_WARN_UNREACHABLE_CODE = YES;
				CLANG_WARN__DUPLICATE_METHOD_MATCH = YES;
				"CODE_SIGN_IDENTITY[sdk=iphoneos*]" = "iPhone Developer";
				COPY_PHASE_STRIP = NO;
				DEBUG_INFORMATION_FORMAT = "dwarf-with-dsym";
				ENABLE_STRICT_OBJC_MSGSEND = YES;
				GCC_C_LANGUAGE_STANDARD = gnu99;
				GCC_DYNAMIC_NO_PIC = NO;
				GCC_NO_COMMON_BLOCKS = YES;
				GCC_OPTIMIZATION_LEVEL = 0;
				GCC_PREPROCESSOR_DEFINITIONS = (
					"DEBUG=1",
					"$(inherited)",
				);
				GCC_SYMBOLS_PRIVATE_EXTERN = NO;
				GCC_WARN_64_TO_32_BIT_CONVERSION = YES;
				GCC_WARN_ABOUT_RETURN_TYPE = YES_ERROR;
				GCC_WARN_UNDECLARED_SELECTOR = YES;
				GCC_WARN_UNINITIALIZED_AUTOS = YES_AGGRESSIVE;
				GCC_WARN_UNUSED_FUNCTION = YES;
				GCC_WARN_UNUSED_VARIABLE = YES;
				IPHONEOS_DEPLOYMENT_TARGET = 8.3;
				MTL_ENABLE_DEBUG_INFO = YES;
				ONLY_ACTIVE_ARCH = YES;
				SDKROOT = iphoneos;
				TARGETED_DEVICE_FAMILY = "1,2";
			};
			name = Debug;
		};
		885694401ADDBBDE002127C1 /* Release */ = {
			isa = XCBuildConfiguration;
			buildSettings = {
				ALWAYS_SEARCH_USER_PATHS = NO;
				CLANG_CXX_LANGUAGE_STANDARD = "gnu++0x";
				CLANG_CXX_LIBRARY = "libc++";
				CLANG_ENABLE_MODULES = YES;
				CLANG_ENABLE_OBJC_ARC = YES;
				CLANG_WARN_BOOL_CONVERSION = YES;
				CLANG_WARN_CONSTANT_CONVERSION = YES;
				CLANG_WARN_DIRECT_OBJC_ISA_USAGE = YES_ERROR;
				CLANG_WARN_EMPTY_BODY = YES;
				CLANG_WARN_ENUM_CONVERSION = YES;
				CLANG_WARN_INT_CONVERSION = YES;
				CLANG_WARN_OBJC_ROOT_CLASS = YES_ERROR;
				CLANG_WARN_UNREACHABLE_CODE = YES;
				CLANG_WARN__DUPLICATE_METHOD_MATCH = YES;
				"CODE_SIGN_IDENTITY[sdk=iphoneos*]" = "iPhone Developer";
				COPY_PHASE_STRIP = NO;
				DEBUG_INFORMATION_FORMAT = "dwarf-with-dsym";
				ENABLE_NS_ASSERTIONS = NO;
				ENABLE_STRICT_OBJC_MSGSEND = YES;
				GCC_C_LANGUAGE_STANDARD = gnu99;
				GCC_NO_COMMON_BLOCKS = YES;
				GCC_WARN_64_TO_32_BIT_CONVERSION = YES;
				GCC_WARN_ABOUT_RETURN_TYPE = YES_ERROR;
				GCC_WARN_UNDECLARED_SELECTOR = YES;
				GCC_WARN_UNINITIALIZED_AUTOS = YES_AGGRESSIVE;
				GCC_WARN_UNUSED_FUNCTION = YES;
				GCC_WARN_UNUSED_VARIABLE = YES;
				IPHONEOS_DEPLOYMENT_TARGET = 8.3;
				MTL_ENABLE_DEBUG_INFO = NO;
				SDKROOT = iphoneos;
				TARGETED_DEVICE_FAMILY = "1,2";
				VALIDATE_PRODUCT = YES;
			};
			name = Release;
		};
		885694421ADDBBDE002127C1 /* Debug */ = {
			isa = XCBuildConfiguration;
			buildSettings = {
				ASSETCATALOG_COMPILER_APPICON_NAME = AppIcon;
				ASSETCATALOG_COMPILER_LAUNCHIMAGE_NAME = LaunchImage;
				FRAMEWORK_SEARCH_PATHS = (
					"$(inherited)",
					"$(PROJECT_DIR)",
				);
				INFOPLIST_FILE = Lock8/Info.plist;
				LD_RUNPATH_SEARCH_PATHS = "$(inherited) @executable_path/Frameworks";
				OTHER_LDFLAGS = "-ObjC";
				PRODUCT_NAME = Loc8;
			};
			name = Debug;
		};
		885694431ADDBBDE002127C1 /* Release */ = {
			isa = XCBuildConfiguration;
			buildSettings = {
				ASSETCATALOG_COMPILER_APPICON_NAME = AppIcon;
				ASSETCATALOG_COMPILER_LAUNCHIMAGE_NAME = LaunchImage;
				FRAMEWORK_SEARCH_PATHS = (
					"$(inherited)",
					"$(PROJECT_DIR)",
				);
				INFOPLIST_FILE = Lock8/Info.plist;
				LD_RUNPATH_SEARCH_PATHS = "$(inherited) @executable_path/Frameworks";
				OTHER_LDFLAGS = "-ObjC";
				PRODUCT_NAME = Loc8;
			};
			name = Release;
		};
		885694451ADDBBDE002127C1 /* Debug */ = {
			isa = XCBuildConfiguration;
			buildSettings = {
				BUNDLE_LOADER = "$(TEST_HOST)";
				FRAMEWORK_SEARCH_PATHS = (
					"$(SDKROOT)/Developer/Library/Frameworks",
					"$(inherited)",
				);
				GCC_PREPROCESSOR_DEFINITIONS = (
					"DEBUG=1",
					"$(inherited)",
				);
				INFOPLIST_FILE = Lock8Tests/Info.plist;
				LD_RUNPATH_SEARCH_PATHS = "$(inherited) @executable_path/Frameworks @loader_path/Frameworks";
				PRODUCT_NAME = Loc8Tests;
				TEST_HOST = "$(BUILT_PRODUCTS_DIR)/Lock8.app/Lock8";
			};
			name = Debug;
		};
		885694461ADDBBDE002127C1 /* Release */ = {
			isa = XCBuildConfiguration;
			buildSettings = {
				BUNDLE_LOADER = "$(TEST_HOST)";
				FRAMEWORK_SEARCH_PATHS = (
					"$(SDKROOT)/Developer/Library/Frameworks",
					"$(inherited)",
				);
				INFOPLIST_FILE = Lock8Tests/Info.plist;
				LD_RUNPATH_SEARCH_PATHS = "$(inherited) @executable_path/Frameworks @loader_path/Frameworks";
				PRODUCT_NAME = Loc8Tests;
				TEST_HOST = "$(BUILT_PRODUCTS_DIR)/Lock8.app/Lock8";
			};
			name = Release;
		};
/* End XCBuildConfiguration section */

/* Begin XCConfigurationList section */
		885694191ADDBBDE002127C1 /* Build configuration list for PBXProject "Loc8" */ = {
			isa = XCConfigurationList;
			buildConfigurations = (
				8856943F1ADDBBDE002127C1 /* Debug */,
				885694401ADDBBDE002127C1 /* Release */,
			);
			defaultConfigurationIsVisible = 0;
			defaultConfigurationName = Release;
		};
		885694411ADDBBDE002127C1 /* Build configuration list for PBXNativeTarget "Loc8" */ = {
			isa = XCConfigurationList;
			buildConfigurations = (
				885694421ADDBBDE002127C1 /* Debug */,
				885694431ADDBBDE002127C1 /* Release */,
			);
			defaultConfigurationIsVisible = 0;
			defaultConfigurationName = Release;
		};
		885694441ADDBBDE002127C1 /* Build configuration list for PBXNativeTarget "Loc8Tests" */ = {
			isa = XCConfigurationList;
			buildConfigurations = (
				885694451ADDBBDE002127C1 /* Debug */,
				885694461ADDBBDE002127C1 /* Release */,
			);
			defaultConfigurationIsVisible = 0;
			defaultConfigurationName = Release;
		};
/* End XCConfigurationList section */
	};
	rootObject = 885694161ADDBBDE002127C1 /* Project object */;
}
